
Microsoft Visual Studio Solution File, Format Version 12.00
# Visual Studio Version 16
VisualStudioVersion = 16.0.30002.166
MinimumVisualStudioVersion = 10.0.40219.1
Project("{FAE04EC0-301F-11D3-BF4B-00C04F79EFBC}") = "Mission Assistant", "Mission Assistant.csproj", "{C3730401-AE30-4FAF-BF52-2B49010DF05A}"
EndProject
Global
	GlobalSection(SolutionConfigurationPlatforms) = preSolution
		Debug|Any CPU = Debug|Any CPU
		Release|Any CPU = Release|Any CPU
	EndGlobalSection
	GlobalSection(ProjectConfigurationPlatforms) = postSolution
		{C3730401-AE30-4FAF-BF52-2B49010DF05A}.Debug|Any CPU.ActiveCfg = Debug|Any CPU
		{C3730401-AE30-4FAF-BF52-2B49010DF05A}.Debug|Any CPU.Build.0 = Debug|Any CPU
		{C3730401-AE30-4FAF-BF52-2B49010DF05A}.Release|Any CPU.ActiveCfg = Release|Any CPU
		{C3730401-AE30-4FAF-BF52-2B49010DF05A}.Release|Any CPU.Build.0 = Release|Any CPU
	EndGlobalSection
	GlobalSection(SolutionProperties) = preSolution
		HideSolutionNode = FALSE
	EndGlobalSection
	GlobalSection(ExtensibilityGlobals) = postSolution
		SolutionGuid = {177F167C-D8B9-4FC6-8245-1670EDA3F129}
	EndGlobalSection
EndGlobal
